
Microsoft Visual Studio Solution File, Format Version 12.00
# Visual Studio Version 17
VisualStudioVersion = 17.9.34728.123
MinimumVisualStudioVersion = 10.0.40219.1
Project("{8BC9CEB8-8B4A-11D0-8D11-00A0C91BC942}") = "PG3_6-1 コマンドパターン", "PG3_6-1 コマンドパターン.vcxproj", "{62573423-9911-4646-A57A-A7F9C93714A0}"
EndProject
Global
	GlobalSection(SolutionConfigurationPlatforms) = preSolution
		Debug|x64 = Debug|x64
		Release|x64 = Release|x64
	EndGlobalSection
	GlobalSection(ProjectConfigurationPlatforms) = postSolution
		{62573423-9911-4646-A57A-A7F9C93714A0}.Debug|x64.ActiveCfg = Debug|x64
		{62573423-9911-4646-A57A-A7F9C93714A0}.Debug|x64.Build.0 = Debug|x64
		{62573423-9911-4646-A57A-A7F9C93714A0}.Release|x64.ActiveCfg = Release|x64
		{62573423-9911-4646-A57A-A7F9C93714A0}.Release|x64.Build.0 = Release|x64
	EndGlobalSection
	GlobalSection(SolutionProperties) = preSolution
		HideSolutionNode = FALSE
	EndGlobalSection
	GlobalSection(ExtensibilityGlobals) = postSolution
		SolutionGuid = {E03D2359-4720-4287-885C-0DD3A8E8D1E9}
	EndGlobalSection
EndGlobal
